
Microsoft Visual Studio Solution File, Format Version 12.00
# Visual Studio Version 17
VisualStudioVersion = 17.14.36109.1 d17.14
MinimumVisualStudioVersion = 10.0.40219.1
Project("{FAE04EC0-301F-11D3-BF4B-00C04F79EFBC}") = "ChessAnalysisApp", "ChessAnalysisApp\ChessAnalysisApp.csproj", "{134DE143-A509-4521-8C82-DBE6BFE7FE05}"
EndProject
Global
	GlobalSection(SolutionConfigurationPlatforms) = preSolution
		Debug|Any CPU = Debug|Any CPU
		Release|Any CPU = Release|Any CPU
	EndGlobalSection
	GlobalSection(ProjectConfigurationPlatforms) = postSolution
		{134DE143-A509-4521-8C82-DBE6BFE7FE05}.Debug|Any CPU.ActiveCfg = Debug|Any CPU
		{134DE143-A509-4521-8C82-DBE6BFE7FE05}.Debug|Any CPU.Build.0 = Debug|Any CPU
		{134DE143-A509-4521-8C82-DBE6BFE7FE05}.Release|Any CPU.ActiveCfg = Release|Any CPU
		{134DE143-A509-4521-8C82-DBE6BFE7FE05}.Release|Any CPU.Build.0 = Release|Any CPU
	EndGlobalSection
	GlobalSection(SolutionProperties) = preSolution
		HideSolutionNode = FALSE
	EndGlobalSection
	GlobalSection(ExtensibilityGlobals) = postSolution
		SolutionGuid = {2161FF82-4FBD-4ED0-A8B5-9A7C0AD351D8}
	EndGlobalSection
EndGlobal
